{
    "_readme": [
        "This file locks the dependencies of your project to a known state",
        "Read more about it at https://getcomposer.org/doc/01-basic-usage.md#composer-lock-the-lock-file",
        "This file is @generated automatically"
    ],
    "hash": "af1677699e7c3f33d8d86b52b279e8f7",
    "content-hash": "998a3de4c841bb387b6dc6e3e797e0f8",
    "packages": [
        {
            "name": "slim/pdo",
            "version": "1.9.8",
            "source": {
                "type": "git",
                "url": "https://github.com/FaaPz/Slim-PDO.git",
                "reference": "5f766ca63b8a8e45e7a27acaa3edadb1cf5e55a8"
            },
            "dist": {
                "type": "zip",
                "url": "https://api.github.com/repos/FaaPz/Slim-PDO/zipball/5f766ca63b8a8e45e7a27acaa3edadb1cf5e55a8",
                "reference": "5f766ca63b8a8e45e7a27acaa3edadb1cf5e55a8",
                "shasum": ""
            },
            "require": {
                "ext-pdo": "*",
                "php": ">=5.3.0"
            },
            "type": "library",
            "autoload": {
                "psr-4": {
                    "Slim\\PDO\\": "src/PDO/"
                }
            },
            "notification-url": "https://packagist.org/downloads/",
            "license": [
                "MIT"
            ],
            "authors": [
                {
                    "name": "Fabian de Laender",
                    "email": "fabian@faapz.nl",
                    "homepage": "http://faapz.nl",
                    "role": "Developer"
                }
            ],
            "description": "PDO database library for Slim Framework",
            "homepage": "https://github.com/FaaPz/Slim-PDO",
            "keywords": [
                "database",
                "framework",
                "pdo",
                "slim"
            ],
            "time": "2016-02-27 16:38:28"
        },
        {
            "name": "slim/slim",
            "version": "2.6.2",
            "source": {
                "type": "git",
                "url": "https://github.com/slimphp/Slim.git",
                "reference": "20a02782f76830b67ae56a5c08eb1f563c351a37"
            },
            "dist": {
                "type": "zip",
                "url": "https://api.github.com/repos/slimphp/Slim/zipball/20a02782f76830b67ae56a5c08eb1f563c351a37",
                "reference": "20a02782f76830b67ae56a5c08eb1f563c351a37",
                "shasum": ""
            },
            "require": {
                "php": ">=5.3.0"
            },
            "suggest": {
                "ext-mcrypt": "Required for HTTP cookie encryption"
            },
            "type": "library",
            "autoload": {
                "psr-0": {
                    "Slim": "."
                }
            },
            "notification-url": "https://packagist.org/downloads/",
            "license": [
                "MIT"
            ],
            "authors": [
                {
                    "name": "Josh Lockhart",
                    "email": "info@joshlockhart.com",
                    "homepage": "http://www.joshlockhart.com/"
                }
            ],
            "description": "Slim Framework, a PHP micro framework",
            "homepage": "http://github.com/codeguy/Slim",
            "keywords": [
                "microframework",
                "rest",
                "router"
            ],
            "time": "2015-03-08 18:41:17"
        }
    ],
    "packages-dev": [],
    "aliases": [],
    "minimum-stability": "stable",
    "stability-flags": [],
    "prefer-stable": false,
    "prefer-lowest": false,
    "platform": [],
    "platform-dev": []
}
